
Microsoft Visual Studio Solution File, Format Version 12.00
# Visual Studio Version 16
VisualStudioVersion = 16.0.30804.86
MinimumVisualStudioVersion = 10.0.40219.1
Project("{9A19103F-16F7-4668-BE54-9A1E7A4F7556}") = "MsalTestApp", "MsalTestApp\MsalTestApp.csproj", "{FF2DB7DC-AF91-4F10-B9FD-B622F5EC439C}"
EndProject
Project("{9A19103F-16F7-4668-BE54-9A1E7A4F7556}") = "Azure.Core", "..\azure-sdk-for-net\sdk\core\Azure.Core\src\Azure.Core.csproj", "{CCDD5C12-8925-4129-824A-C74E4E2F3D4A}"
EndProject
Project("{9A19103F-16F7-4668-BE54-9A1E7A4F7556}") = "Azure.Identity", "..\azure-sdk-for-net\sdk\identity\Azure.Identity\src\Azure.Identity.csproj", "{61720845-6E29-4536-9C1D-EB2D16C7616C}"
EndProject
Project("{9A19103F-16F7-4668-BE54-9A1E7A4F7556}") = "Azure.ResourceManager.Compute", "..\azure-sdk-for-net\sdk\compute\Azure.ResourceManager.Compute\src\Azure.ResourceManager.Compute.csproj", "{ECB02313-C32E-42DB-83DD-090A14BCA1DE}"
EndProject
Project("{9A19103F-16F7-4668-BE54-9A1E7A4F7556}") = "Azure.ResourceManager.Resources", "..\azure-sdk-for-net\sdk\resources\Azure.ResourceManager.Resources\src\Azure.ResourceManager.Resources.csproj", "{C1E32B89-23F7-48EC-BC74-EDC37656337D}"
EndProject
Global
	GlobalSection(SolutionConfigurationPlatforms) = preSolution
		Debug|Any CPU = Debug|Any CPU
		Release|Any CPU = Release|Any CPU
	EndGlobalSection
	GlobalSection(ProjectConfigurationPlatforms) = postSolution
		{FF2DB7DC-AF91-4F10-B9FD-B622F5EC439C}.Debug|Any CPU.ActiveCfg = Debug|Any CPU
		{FF2DB7DC-AF91-4F10-B9FD-B622F5EC439C}.Debug|Any CPU.Build.0 = Debug|Any CPU
		{FF2DB7DC-AF91-4F10-B9FD-B622F5EC439C}.Release|Any CPU.ActiveCfg = Release|Any CPU
		{FF2DB7DC-AF91-4F10-B9FD-B622F5EC439C}.Release|Any CPU.Build.0 = Release|Any CPU
		{CCDD5C12-8925-4129-824A-C74E4E2F3D4A}.Debug|Any CPU.ActiveCfg = Debug|Any CPU
		{CCDD5C12-8925-4129-824A-C74E4E2F3D4A}.Debug|Any CPU.Build.0 = Debug|Any CPU
		{CCDD5C12-8925-4129-824A-C74E4E2F3D4A}.Release|Any CPU.ActiveCfg = Release|Any CPU
		{CCDD5C12-8925-4129-824A-C74E4E2F3D4A}.Release|Any CPU.Build.0 = Release|Any CPU
		{61720845-6E29-4536-9C1D-EB2D16C7616C}.Debug|Any CPU.ActiveCfg = Debug|Any CPU
		{61720845-6E29-4536-9C1D-EB2D16C7616C}.Debug|Any CPU.Build.0 = Debug|Any CPU
		{61720845-6E29-4536-9C1D-EB2D16C7616C}.Release|Any CPU.ActiveCfg = Release|Any CPU
		{61720845-6E29-4536-9C1D-EB2D16C7616C}.Release|Any CPU.Build.0 = Release|Any CPU
		{ECB02313-C32E-42DB-83DD-090A14BCA1DE}.Debug|Any CPU.ActiveCfg = Debug|Any CPU
		{ECB02313-C32E-42DB-83DD-090A14BCA1DE}.Debug|Any CPU.Build.0 = Debug|Any CPU
		{ECB02313-C32E-42DB-83DD-090A14BCA1DE}.Release|Any CPU.ActiveCfg = Release|Any CPU
		{ECB02313-C32E-42DB-83DD-090A14BCA1DE}.Release|Any CPU.Build.0 = Release|Any CPU
		{C1E32B89-23F7-48EC-BC74-EDC37656337D}.Debug|Any CPU.ActiveCfg = Debug|Any CPU
		{C1E32B89-23F7-48EC-BC74-EDC37656337D}.Debug|Any CPU.Build.0 = Debug|Any CPU
		{C1E32B89-23F7-48EC-BC74-EDC37656337D}.Release|Any CPU.ActiveCfg = Release|Any CPU
		{C1E32B89-23F7-48EC-BC74-EDC37656337D}.Release|Any CPU.Build.0 = Release|Any CPU
	EndGlobalSection
	GlobalSection(SolutionProperties) = preSolution
		HideSolutionNode = FALSE
	EndGlobalSection
	GlobalSection(ExtensibilityGlobals) = postSolution
		SolutionGuid = {A62E03E4-C33E-45F9-83F2-FD4277E30371}
	EndGlobalSection
EndGlobal
